
Microsoft Visual Studio Solution File, Format Version 12.00
# Visual Studio Version 16
VisualStudioVersion = 16.0.29728.190
MinimumVisualStudioVersion = 10.0.40219.1
Project("{FAE04EC0-301F-11D3-BF4B-00C04F79EFBC}") = "Vidly2", "Vidly2.csproj", "{A503BBC8-73EF-4F41-96C8-172E80A1CB28}"
EndProject
Global
	GlobalSection(SolutionConfigurationPlatforms) = preSolution
		Debug|Any CPU = Debug|Any CPU
		Release|Any CPU = Release|Any CPU
	EndGlobalSection
	GlobalSection(ProjectConfigurationPlatforms) = postSolution
		{A503BBC8-73EF-4F41-96C8-172E80A1CB28}.Debug|Any CPU.ActiveCfg = Debug|Any CPU
		{A503BBC8-73EF-4F41-96C8-172E80A1CB28}.Debug|Any CPU.Build.0 = Debug|Any CPU
		{A503BBC8-73EF-4F41-96C8-172E80A1CB28}.Release|Any CPU.ActiveCfg = Release|Any CPU
		{A503BBC8-73EF-4F41-96C8-172E80A1CB28}.Release|Any CPU.Build.0 = Release|Any CPU
	EndGlobalSection
	GlobalSection(SolutionProperties) = preSolution
		HideSolutionNode = FALSE
	EndGlobalSection
	GlobalSection(ExtensibilityGlobals) = postSolution
		SolutionGuid = {951F00BC-A301-433B-93D7-8323738F1241}
	EndGlobalSection
EndGlobal
